
Microsoft Visual Studio Solution File, Format Version 12.00
# Visual Studio Version 16
VisualStudioVersion = 16.0.29728.190
MinimumVisualStudioVersion = 10.0.40219.1
Project("{9A19103F-16F7-4668-BE54-9A1E7A4F7556}") = "GuidanceCalendar.API", "GuidanceCalendar\GuidanceCalendar.API.csproj", "{E3B29884-C622-4F58-BB58-D2163FAAF965}"
EndProject
Project("{2150E333-8FDC-42A3-9474-1A3956D46DE8}") = "Core", "Core", "{F6DE4C92-AD9D-4F1C-BC7D-A22A9070D93B}"
EndProject
Project("{9A19103F-16F7-4668-BE54-9A1E7A4F7556}") = "GuidanceCalendar.Domain", "GuidanceCalendar.Domain\GuidanceCalendar.Domain.csproj", "{08E9C25F-640A-44DC-9499-1724EE4DD776}"
EndProject
Project("{9A19103F-16F7-4668-BE54-9A1E7A4F7556}") = "GuidanceCalendar.Application", "GuidanceCalendar.Application\GuidanceCalendar.Application.csproj", "{4C7C85C4-C623-4246-9539-314BECC23A61}"
EndProject
Project("{2150E333-8FDC-42A3-9474-1A3956D46DE8}") = "Infrastructure", "Infrastructure", "{C0361CA0-460B-41A8-97E6-937933C3CB9A}"
EndProject
Project("{2150E333-8FDC-42A3-9474-1A3956D46DE8}") = "Presentation", "Presentation", "{E240CF73-24A4-4F24-9F59-FCC45D4D27BF}"
EndProject
Project("{9A19103F-16F7-4668-BE54-9A1E7A4F7556}") = "GuidanceCalendar.Persistence", "GuidanceCalendar.Persistence\GuidanceCalendar.Persistence.csproj", "{1BB0000F-DD65-4D2B-9039-8ED9256FC388}"
EndProject
Project("{2150E333-8FDC-42A3-9474-1A3956D46DE8}") = "Tests", "Tests", "{DA5AB2E2-E435-4635-8836-6E4B604219B0}"
EndProject
Project("{FAE04EC0-301F-11D3-BF4B-00C04F79EFBC}") = "Domain.Test", "Domain.Test\Domain.Test.csproj", "{BC4E0DEF-7C50-4881-9FFE-BB1914DE9736}"
EndProject
Project("{2150E333-8FDC-42A3-9474-1A3956D46DE8}") = "Core", "Core", "{2B639010-0651-4C7F-8101-444B44B5C079}"
EndProject
Global
	GlobalSection(SolutionConfigurationPlatforms) = preSolution
		Debug|Any CPU = Debug|Any CPU
		Release|Any CPU = Release|Any CPU
	EndGlobalSection
	GlobalSection(ProjectConfigurationPlatforms) = postSolution
		{E3B29884-C622-4F58-BB58-D2163FAAF965}.Debug|Any CPU.ActiveCfg = Debug|Any CPU
		{E3B29884-C622-4F58-BB58-D2163FAAF965}.Debug|Any CPU.Build.0 = Debug|Any CPU
		{E3B29884-C622-4F58-BB58-D2163FAAF965}.Release|Any CPU.ActiveCfg = Release|Any CPU
		{E3B29884-C622-4F58-BB58-D2163FAAF965}.Release|Any CPU.Build.0 = Release|Any CPU
		{08E9C25F-640A-44DC-9499-1724EE4DD776}.Debug|Any CPU.ActiveCfg = Debug|Any CPU
		{08E9C25F-640A-44DC-9499-1724EE4DD776}.Debug|Any CPU.Build.0 = Debug|Any CPU
		{08E9C25F-640A-44DC-9499-1724EE4DD776}.Release|Any CPU.ActiveCfg = Release|Any CPU
		{08E9C25F-640A-44DC-9499-1724EE4DD776}.Release|Any CPU.Build.0 = Release|Any CPU
		{4C7C85C4-C623-4246-9539-314BECC23A61}.Debug|Any CPU.ActiveCfg = Debug|Any CPU
		{4C7C85C4-C623-4246-9539-314BECC23A61}.Debug|Any CPU.Build.0 = Debug|Any CPU
		{4C7C85C4-C623-4246-9539-314BECC23A61}.Release|Any CPU.ActiveCfg = Release|Any CPU
		{4C7C85C4-C623-4246-9539-314BECC23A61}.Release|Any CPU.Build.0 = Release|Any CPU
		{1BB0000F-DD65-4D2B-9039-8ED9256FC388}.Debug|Any CPU.ActiveCfg = Debug|Any CPU
		{1BB0000F-DD65-4D2B-9039-8ED9256FC388}.Debug|Any CPU.Build.0 = Debug|Any CPU
		{1BB0000F-DD65-4D2B-9039-8ED9256FC388}.Release|Any CPU.ActiveCfg = Release|Any CPU
		{1BB0000F-DD65-4D2B-9039-8ED9256FC388}.Release|Any CPU.Build.0 = Release|Any CPU
		{BC4E0DEF-7C50-4881-9FFE-BB1914DE9736}.Debug|Any CPU.ActiveCfg = Debug|Any CPU
		{BC4E0DEF-7C50-4881-9FFE-BB1914DE9736}.Debug|Any CPU.Build.0 = Debug|Any CPU
		{BC4E0DEF-7C50-4881-9FFE-BB1914DE9736}.Release|Any CPU.ActiveCfg = Release|Any CPU
		{BC4E0DEF-7C50-4881-9FFE-BB1914DE9736}.Release|Any CPU.Build.0 = Release|Any CPU
	EndGlobalSection
	GlobalSection(SolutionProperties) = preSolution
		HideSolutionNode = FALSE
	EndGlobalSection
	GlobalSection(NestedProjects) = preSolution
		{E3B29884-C622-4F58-BB58-D2163FAAF965} = {E240CF73-24A4-4F24-9F59-FCC45D4D27BF}
		{08E9C25F-640A-44DC-9499-1724EE4DD776} = {F6DE4C92-AD9D-4F1C-BC7D-A22A9070D93B}
		{4C7C85C4-C623-4246-9539-314BECC23A61} = {F6DE4C92-AD9D-4F1C-BC7D-A22A9070D93B}
		{1BB0000F-DD65-4D2B-9039-8ED9256FC388} = {C0361CA0-460B-41A8-97E6-937933C3CB9A}
		{BC4E0DEF-7C50-4881-9FFE-BB1914DE9736} = {2B639010-0651-4C7F-8101-444B44B5C079}
		{2B639010-0651-4C7F-8101-444B44B5C079} = {DA5AB2E2-E435-4635-8836-6E4B604219B0}
	EndGlobalSection
	GlobalSection(ExtensibilityGlobals) = postSolution
		SolutionGuid = {84536565-8480-459F-A925-3BFFB96249F7}
	EndGlobalSection
EndGlobal
